
Microsoft Visual Studio Solution File, Format Version 12.00
# Visual Studio Version 16
VisualStudioVersion = 16.0.30011.22
MinimumVisualStudioVersion = 10.0.40219.1
Project("{FAE04EC0-301F-11D3-BF4B-00C04F79EFBC}") = "SSEPrinter", "SSEPrinter\SSEPrinter.csproj", "{3DB0C0F9-A68C-4BAA-8BEB-C43E3C7A3D6A}"
EndProject
Global
	GlobalSection(SolutionConfigurationPlatforms) = preSolution
		Debug|Any CPU = Debug|Any CPU
		Release|Any CPU = Release|Any CPU
	EndGlobalSection
	GlobalSection(ProjectConfigurationPlatforms) = postSolution
		{3DB0C0F9-A68C-4BAA-8BEB-C43E3C7A3D6A}.Debug|Any CPU.ActiveCfg = Debug|Any CPU
		{3DB0C0F9-A68C-4BAA-8BEB-C43E3C7A3D6A}.Debug|Any CPU.Build.0 = Debug|Any CPU
		{3DB0C0F9-A68C-4BAA-8BEB-C43E3C7A3D6A}.Release|Any CPU.ActiveCfg = Release|Any CPU
		{3DB0C0F9-A68C-4BAA-8BEB-C43E3C7A3D6A}.Release|Any CPU.Build.0 = Release|Any CPU
	EndGlobalSection
	GlobalSection(SolutionProperties) = preSolution
		HideSolutionNode = FALSE
	EndGlobalSection
	GlobalSection(ExtensibilityGlobals) = postSolution
		SolutionGuid = {950E4CDB-6F95-4769-88B0-C8672FB77623}
	EndGlobalSection
EndGlobal
