
Microsoft Visual Studio Solution File, Format Version 12.00
# Visual Studio Version 16
VisualStudioVersion = 16.0.30621.155
MinimumVisualStudioVersion = 10.0.40219.1
Project("{FAE04EC0-301F-11D3-BF4B-00C04F79EFBC}") = "SSEDigitalV3", "SSEDigitalV3\SSEDigitalV3.csproj", "{04C0975E-3055-4C36-82D3-E58A9A36F3AE}"
EndProject
Global
	GlobalSection(SolutionConfigurationPlatforms) = preSolution
		Debug|Any CPU = Debug|Any CPU
		Release|Any CPU = Release|Any CPU
	EndGlobalSection
	GlobalSection(ProjectConfigurationPlatforms) = postSolution
		{04C0975E-3055-4C36-82D3-E58A9A36F3AE}.Debug|Any CPU.ActiveCfg = Debug|Any CPU
		{04C0975E-3055-4C36-82D3-E58A9A36F3AE}.Debug|Any CPU.Build.0 = Debug|Any CPU
		{04C0975E-3055-4C36-82D3-E58A9A36F3AE}.Release|Any CPU.ActiveCfg = Release|Any CPU
		{04C0975E-3055-4C36-82D3-E58A9A36F3AE}.Release|Any CPU.Build.0 = Release|Any CPU
	EndGlobalSection
	GlobalSection(SolutionProperties) = preSolution
		HideSolutionNode = FALSE
	EndGlobalSection
	GlobalSection(ExtensibilityGlobals) = postSolution
		SolutionGuid = {BA60D626-58CB-4385-98DE-56880DA6BB16}
	EndGlobalSection
EndGlobal
